
Microsoft Visual Studio Solution File, Format Version 12.00
# Visual Studio Version 17
VisualStudioVersion = 17.0.32112.339
MinimumVisualStudioVersion = 10.0.40219.1
Project("{F184B08F-C81C-45F6-A57F-5ABD9991F28F}") = "201213082_AUTOS", "201213082_AUTOS.vbproj", "{F6786CAA-269B-41BB-8524-64AB9B0DD17E}"
EndProject
Global
	GlobalSection(SolutionConfigurationPlatforms) = preSolution
		Debug|Any CPU = Debug|Any CPU
		Release|Any CPU = Release|Any CPU
	EndGlobalSection
	GlobalSection(ProjectConfigurationPlatforms) = postSolution
		{F6786CAA-269B-41BB-8524-64AB9B0DD17E}.Debug|Any CPU.ActiveCfg = Debug|Any CPU
		{F6786CAA-269B-41BB-8524-64AB9B0DD17E}.Debug|Any CPU.Build.0 = Debug|Any CPU
		{F6786CAA-269B-41BB-8524-64AB9B0DD17E}.Release|Any CPU.ActiveCfg = Release|Any CPU
		{F6786CAA-269B-41BB-8524-64AB9B0DD17E}.Release|Any CPU.Build.0 = Release|Any CPU
	EndGlobalSection
	GlobalSection(SolutionProperties) = preSolution
		HideSolutionNode = FALSE
	EndGlobalSection
	GlobalSection(ExtensibilityGlobals) = postSolution
		SolutionGuid = {D8F90738-BDC0-49D4-904F-C29E3A29D613}
	EndGlobalSection
EndGlobal
